Microsoft Visual Studio Solution File, Format Version 12.00
# Visual Studio Version 17
VisualStudioVersion = 17.5.2.0
MinimumVisualStudioVersion = 10.0.40219.1
Project("{FAE04EC0-301F-11D3-BF4B-00C04F79EFBC}") = "MyApi", "backend\MyApi.csproj", "{462EF745-CCC5-E30A-86E5-5CE5CD829676}"
EndProject
Global
	GlobalSection(SolutionConfigurationPlatforms) = preSolution
		Debug|Any CPU = Debug|Any CPU
		Release|Any CPU = Release|Any CPU
	EndGlobalSection
	GlobalSection(ProjectConfigurationPlatforms) = postSolution
		{462EF745-CCC5-E30A-86E5-5CE5CD829676}.Debug|Any CPU.ActiveCfg = Debug|Any CPU
		{462EF745-CCC5-E30A-86E5-5CE5CD829676}.Debug|Any CPU.Build.0 = Debug|Any CPU
		{462EF745-CCC5-E30A-86E5-5CE5CD829676}.Release|Any CPU.ActiveCfg = Release|Any CPU
		{462EF745-CCC5-E30A-86E5-5CE5CD829676}.Release|Any CPU.Build.0 = Release|Any CPU
	EndGlobalSection
	GlobalSection(SolutionProperties) = preSolution
		HideSolutionNode = FALSE
	EndGlobalSection
	GlobalSection(ExtensibilityGlobals) = postSolution
		SolutionGuid = {5C0D5A4F-3D77-43E7-81FD-E0796BA5A32A}
	EndGlobalSection
EndGlobal
